
Microsoft Visual Studio Solution File, Format Version 12.00
# Visual Studio 14
VisualStudioVersion = 14.0.25420.1
MinimumVisualStudioVersion = 10.0.40219.1
Project("{2150E333-8FDC-42A3-9474-1A3956D46DE8}") = "FormsUI", "FormsUI", "{B151F9DD-845F-4C43-91F0-BF5D1C7DACE2}"
EndProject
Project("{2150E333-8FDC-42A3-9474-1A3956D46DE8}") = "Backend", "Backend", "{CFD3B262-6041-4279-B47C-3B12F37386EE}"
EndProject
Project("{2150E333-8FDC-42A3-9474-1A3956D46DE8}") = "NativeUI", "NativeUI", "{BA95ADE2-B1B4-4DFA-B6A0-675D21B6CBCF}"
EndProject
Project("{FAE04EC0-301F-11D3-BF4B-00C04F79EFBC}") = "PatientManager.Forms.Droid", "Forms\PatientManager.Forms\PatientManager.Forms.Droid\PatientManager.Forms.Droid.csproj", "{7EE1DF86-3709-411F-99DB-8499B56FBE2B}"
EndProject
Project("{FAE04EC0-301F-11D3-BF4B-00C04F79EFBC}") = "PatientManager.Forms.iOS", "Forms\PatientManager.Forms\PatientManager.Forms.iOS\PatientManager.Forms.iOS.csproj", "{1AF56128-0E34-40B9-A513-6B5390C7D6C9}"
EndProject
Project("{FAE04EC0-301F-11D3-BF4B-00C04F79EFBC}") = "PatientManager.Forms.WinPhone", "Forms\PatientManager.Forms\PatientManager.Forms.WinPhone\PatientManager.Forms.WinPhone.csproj", "{085731D2-2DF6-4BB1-84E2-485A07F25428}"
EndProject
Project("{FAE04EC0-301F-11D3-BF4B-00C04F79EFBC}") = "PatientManager.Forms.UWP", "Forms\PatientManager.Forms\PatientManager.Forms.UWP\PatientManager.Forms.UWP.csproj", "{34D0DBF2-7AD8-4AF8-BF98-39189123003D}"
EndProject
Project("{FAE04EC0-301F-11D3-BF4B-00C04F79EFBC}") = "PatientManager.Forms.Windows", "Forms\PatientManager.Forms\PatientManager.Forms.Windows\PatientManager.Forms.Windows.csproj", "{072DDD74-1D26-4CA3-9FFE-36299754009A}"
EndProject
Project("{FAE04EC0-301F-11D3-BF4B-00C04F79EFBC}") = "PatientManager.Forms", "Forms\PatientManager.Forms\PatientManager.Forms\PatientManager.Forms.csproj", "{F7DD654C-606D-4A48-B07F-84C44DC95940}"
EndProject
Project("{FAE04EC0-301F-11D3-BF4B-00C04F79EFBC}") = "PatientManager.Droid", "NativeUI\PatientManager\PatientManager.Droid\PatientManager.Droid.csproj", "{17B9C936-E398-43CE-998F-5A4BB5D41CC7}"
EndProject
Project("{FAE04EC0-301F-11D3-BF4B-00C04F79EFBC}") = "PatientManager.iOS", "NativeUI\PatientManager\PatientManager.iOS\PatientManager.iOS.csproj", "{F19AF238-3811-446E-B7DB-C046676CFC80}"
EndProject
Project("{FAE04EC0-301F-11D3-BF4B-00C04F79EFBC}") = "PatientManager.WinPhone", "NativeUI\PatientManager\PatientManager.WinPhone\PatientManager.WinPhone.csproj", "{8DE297B8-9310-44A1-BE98-A79D52647FD7}"
EndProject
Project("{FAE04EC0-301F-11D3-BF4B-00C04F79EFBC}") = "PatientManager.Common", "NativeUI\PatientManager\PatientManager\PatientManager.Common.csproj", "{46B0C8AF-3112-4CBF-BC0D-567124ACC57D}"
EndProject
Project("{FAE04EC0-301F-11D3-BF4B-00C04F79EFBC}") = "PatientManager.Backend", "PatientManager.Backend\PatientManager.Backend.csproj", "{133247A4-AFCD-49D2-8A78-CC3F8EF49393}"
EndProject
Project("{2150E333-8FDC-42A3-9474-1A3956D46DE8}") = "Common", "Common", "{3B69B1B9-17AA-44E6-A9A5-37A6C353509C}"
EndProject
Global
	GlobalSection(SolutionConfigurationPlatforms) = preSolution
		Ad-Hoc|Any CPU = Ad-Hoc|Any CPU
		Ad-Hoc|ARM = Ad-Hoc|ARM
		Ad-Hoc|iPhone = Ad-Hoc|iPhone
		Ad-Hoc|iPhoneSimulator = Ad-Hoc|iPhoneSimulator
		Ad-Hoc|x64 = Ad-Hoc|x64
		Ad-Hoc|x86 = Ad-Hoc|x86
		AppStore|Any CPU = AppStore|Any CPU
		AppStore|ARM = AppStore|ARM
		AppStore|iPhone = AppStore|iPhone
		AppStore|iPhoneSimulator = AppStore|iPhoneSimulator
		AppStore|x64 = AppStore|x64
		AppStore|x86 = AppStore|x86
		Debug|Any CPU = Debug|Any CPU
		Debug|ARM = Debug|ARM
		Debug|iPhone = Debug|iPhone
		Debug|iPhoneSimulator = Debug|iPhoneSimulator
		Debug|x64 = Debug|x64
		Debug|x86 = Debug|x86
		Release|Any CPU = Release|Any CPU
		Release|ARM = Release|ARM
		Release|iPhone = Release|iPhone
		Release|iPhoneSimulator = Release|iPhoneSimulator
		Release|x64 = Release|x64
		Release|x86 = Release|x86
		Jenkins_iOS|iPhone = Jenkins_iOS|iPhone
	EndGlobalSection
	GlobalSection(ProjectConfigurationPlatforms) = postSolution
		{7EE1DF86-3709-411F-99DB-8499B56FBE2B}.Ad-Hoc|Any CPU.ActiveCfg = Release|Any CPU
		{7EE1DF86-3709-411F-99DB-8499B56FBE2B}.Ad-Hoc|Any CPU.Build.0 = Release|Any CPU
		{7EE1DF86-3709-411F-99DB-8499B56FBE2B}.Ad-Hoc|Any CPU.Deploy.0 = Release|Any CPU
		{7EE1DF86-3709-411F-99DB-8499B56FBE2B}.Ad-Hoc|ARM.ActiveCfg = Release|Any CPU
		{7EE1DF86-3709-411F-99DB-8499B56FBE2B}.Ad-Hoc|ARM.Build.0 = Release|Any CPU
		{7EE1DF86-3709-411F-99DB-8499B56FBE2B}.Ad-Hoc|ARM.Deploy.0 = Release|Any CPU
		{7EE1DF86-3709-411F-99DB-8499B56FBE2B}.Ad-Hoc|iPhone.ActiveCfg = Release|Any CPU
		{7EE1DF86-3709-411F-99DB-8499B56FBE2B}.Ad-Hoc|iPhone.Deploy.0 = Release|Any CPU
		{7EE1DF86-3709-411F-99DB-8499B56FBE2B}.Ad-Hoc|iPhoneSimulator.ActiveCfg = Release|Any CPU
		{7EE1DF86-3709-411F-99DB-8499B56FBE2B}.Ad-Hoc|iPhoneSimulator.Deploy.0 = Release|Any CPU
		{7EE1DF86-3709-411F-99DB-8499B56FBE2B}.Ad-Hoc|x64.ActiveCfg = Release|Any CPU
		{7EE1DF86-3709-411F-99DB-8499B56FBE2B}.Ad-Hoc|x64.Build.0 = Release|Any CPU
		{7EE1DF86-3709-411F-99DB-8499B56FBE2B}.Ad-Hoc|x64.Deploy.0 = Release|Any CPU
		{7EE1DF86-3709-411F-99DB-8499B56FBE2B}.Ad-Hoc|x86.ActiveCfg = Release|Any CPU
		{7EE1DF86-3709-411F-99DB-8499B56FBE2B}.Ad-Hoc|x86.Build.0 = Release|Any CPU
		{7EE1DF86-3709-411F-99DB-8499B56FBE2B}.Ad-Hoc|x86.Deploy.0 = Release|Any CPU
		{7EE1DF86-3709-411F-99DB-8499B56FBE2B}.AppStore|Any CPU.ActiveCfg = Release|Any CPU
		{7EE1DF86-3709-411F-99DB-8499B56FBE2B}.AppStore|Any CPU.Build.0 = Release|Any CPU
		{7EE1DF86-3709-411F-99DB-8499B56FBE2B}.AppStore|Any CPU.Deploy.0 = Release|Any CPU
		{7EE1DF86-3709-411F-99DB-8499B56FBE2B}.AppStore|ARM.ActiveCfg = Release|Any CPU
		{7EE1DF86-3709-411F-99DB-8499B56FBE2B}.AppStore|ARM.Build.0 = Release|Any CPU
		{7EE1DF86-3709-411F-99DB-8499B56FBE2B}.AppStore|ARM.Deploy.0 = Release|Any CPU
		{7EE1DF86-3709-411F-99DB-8499B56FBE2B}.AppStore|iPhone.ActiveCfg = Release|Any CPU
		{7EE1DF86-3709-411F-99DB-8499B56FBE2B}.AppStore|iPhone.Build.0 = Release|Any CPU
		{7EE1DF86-3709-411F-99DB-8499B56FBE2B}.AppStore|iPhone.Deploy.0 = Release|Any CPU
		{7EE1DF86-3709-411F-99DB-8499B56FBE2B}.AppStore|iPhoneSimulator.ActiveCfg = Release|Any CPU
		{7EE1DF86-3709-411F-99DB-8499B56FBE2B}.AppStore|iPhoneSimulator.Build.0 = Release|Any CPU
		{7EE1DF86-3709-411F-99DB-8499B56FBE2B}.AppStore|iPhoneSimulator.Deploy.0 = Release|Any CPU
		{7EE1DF86-3709-411F-99DB-8499B56FBE2B}.AppStore|x64.ActiveCfg = Release|Any CPU
		{7EE1DF86-3709-411F-99DB-8499B56FBE2B}.AppStore|x64.Build.0 = Release|Any CPU
		{7EE1DF86-3709-411F-99DB-8499B56FBE2B}.AppStore|x64.Deploy.0 = Release|Any CPU
		{7EE1DF86-3709-411F-99DB-8499B56FBE2B}.AppStore|x86.ActiveCfg = Release|Any CPU
		{7EE1DF86-3709-411F-99DB-8499B56FBE2B}.AppStore|x86.Build.0 = Release|Any CPU
		{7EE1DF86-3709-411F-99DB-8499B56FBE2B}.AppStore|x86.Deploy.0 = Release|Any CPU
		{7EE1DF86-3709-411F-99DB-8499B56FBE2B}.Debug|Any CPU.ActiveCfg = Debug|Any CPU
		{7EE1DF86-3709-411F-99DB-8499B56FBE2B}.Debug|Any CPU.Build.0 = Debug|Any CPU
		{7EE1DF86-3709-411F-99DB-8499B56FBE2B}.Debug|Any CPU.Deploy.0 = Debug|Any CPU
		{7EE1DF86-3709-411F-99DB-8499B56FBE2B}.Debug|ARM.ActiveCfg = Debug|Any CPU
		{7EE1DF86-3709-411F-99DB-8499B56FBE2B}.Debug|ARM.Build.0 = Debug|Any CPU
		{7EE1DF86-3709-411F-99DB-8499B56FBE2B}.Debug|ARM.Deploy.0 = Debug|Any CPU
		{7EE1DF86-3709-411F-99DB-8499B56FBE2B}.Debug|iPhone.ActiveCfg = Debug|Any CPU
		{7EE1DF86-3709-411F-99DB-8499B56FBE2B}.Debug|iPhone.Build.0 = Debug|Any CPU
		{7EE1DF86-3709-411F-99DB-8499B56FBE2B}.Debug|iPhone.Deploy.0 = Debug|Any CPU
		{7EE1DF86-3709-411F-99DB-8499B56FBE2B}.Debug|iPhoneSimulator.ActiveCfg = Debug|Any CPU
		{7EE1DF86-3709-411F-99DB-8499B56FBE2B}.Debug|iPhoneSimulator.Build.0 = Debug|Any CPU
		{7EE1DF86-3709-411F-99DB-8499B56FBE2B}.Debug|iPhoneSimulator.Deploy.0 = Debug|Any CPU
		{7EE1DF86-3709-411F-99DB-8499B56FBE2B}.Debug|x64.ActiveCfg = Debug|Any CPU
		{7EE1DF86-3709-411F-99DB-8499B56FBE2B}.Debug|x64.Build.0 = Debug|Any CPU
		{7EE1DF86-3709-411F-99DB-8499B56FBE2B}.Debug|x64.Deploy.0 = Debug|Any CPU
		{7EE1DF86-3709-411F-99DB-8499B56FBE2B}.Debug|x86.ActiveCfg = Debug|Any CPU
		{7EE1DF86-3709-411F-99DB-8499B56FBE2B}.Debug|x86.Build.0 = Debug|Any CPU
		{7EE1DF86-3709-411F-99DB-8499B56FBE2B}.Debug|x86.Deploy.0 = Debug|Any CPU
		{7EE1DF86-3709-411F-99DB-8499B56FBE2B}.Release|Any CPU.ActiveCfg = Release|Any CPU
		{7EE1DF86-3709-411F-99DB-8499B56FBE2B}.Release|Any CPU.Build.0 = Release|Any CPU
		{7EE1DF86-3709-411F-99DB-8499B56FBE2B}.Release|Any CPU.Deploy.0 = Release|Any CPU
		{7EE1DF86-3709-411F-99DB-8499B56FBE2B}.Release|ARM.ActiveCfg = Release|Any CPU
		{7EE1DF86-3709-411F-99DB-8499B56FBE2B}.Release|ARM.Build.0 = Release|Any CPU
		{7EE1DF86-3709-411F-99DB-8499B56FBE2B}.Release|ARM.Deploy.0 = Release|Any CPU
		{7EE1DF86-3709-411F-99DB-8499B56FBE2B}.Release|iPhone.ActiveCfg = Release|Any CPU
		{7EE1DF86-3709-411F-99DB-8499B56FBE2B}.Release|iPhone.Build.0 = Release|Any CPU
		{7EE1DF86-3709-411F-99DB-8499B56FBE2B}.Release|iPhone.Deploy.0 = Release|Any CPU
		{7EE1DF86-3709-411F-99DB-8499B56FBE2B}.Release|iPhoneSimulator.ActiveCfg = Release|Any CPU
		{7EE1DF86-3709-411F-99DB-8499B56FBE2B}.Release|iPhoneSimulator.Build.0 = Release|Any CPU
		{7EE1DF86-3709-411F-99DB-8499B56FBE2B}.Release|iPhoneSimulator.Deploy.0 = Release|Any CPU
		{7EE1DF86-3709-411F-99DB-8499B56FBE2B}.Release|x64.ActiveCfg = Release|Any CPU
		{7EE1DF86-3709-411F-99DB-8499B56FBE2B}.Release|x64.Build.0 = Release|Any CPU
		{7EE1DF86-3709-411F-99DB-8499B56FBE2B}.Release|x64.Deploy.0 = Release|Any CPU
		{7EE1DF86-3709-411F-99DB-8499B56FBE2B}.Release|x86.ActiveCfg = Release|Any CPU
		{7EE1DF86-3709-411F-99DB-8499B56FBE2B}.Release|x86.Build.0 = Release|Any CPU
		{7EE1DF86-3709-411F-99DB-8499B56FBE2B}.Release|x86.Deploy.0 = Release|Any CPU
		{7EE1DF86-3709-411F-99DB-8499B56FBE2B}.Jenkins_iOS|iPhone.ActiveCfg = Jenkins_iOS|iPhone
		{1AF56128-0E34-40B9-A513-6B5390C7D6C9}.Ad-Hoc|Any CPU.ActiveCfg = Ad-Hoc|iPhone
		{1AF56128-0E34-40B9-A513-6B5390C7D6C9}.Ad-Hoc|ARM.ActiveCfg = Ad-Hoc|iPhone
		{1AF56128-0E34-40B9-A513-6B5390C7D6C9}.Ad-Hoc|iPhone.ActiveCfg = Ad-Hoc|iPhone
		{1AF56128-0E34-40B9-A513-6B5390C7D6C9}.Ad-Hoc|iPhone.Build.0 = Ad-Hoc|iPhone
		{1AF56128-0E34-40B9-A513-6B5390C7D6C9}.Ad-Hoc|iPhoneSimulator.ActiveCfg = Ad-Hoc|iPhoneSimulator
		{1AF56128-0E34-40B9-A513-6B5390C7D6C9}.Ad-Hoc|iPhoneSimulator.Build.0 = Ad-Hoc|iPhoneSimulator
		{1AF56128-0E34-40B9-A513-6B5390C7D6C9}.Ad-Hoc|x64.ActiveCfg = Ad-Hoc|iPhone
		{1AF56128-0E34-40B9-A513-6B5390C7D6C9}.Ad-Hoc|x86.ActiveCfg = Ad-Hoc|iPhone
		{1AF56128-0E34-40B9-A513-6B5390C7D6C9}.AppStore|Any CPU.ActiveCfg = AppStore|iPhone
		{1AF56128-0E34-40B9-A513-6B5390C7D6C9}.AppStore|ARM.ActiveCfg = AppStore|iPhone
		{1AF56128-0E34-40B9-A513-6B5390C7D6C9}.AppStore|iPhone.ActiveCfg = AppStore|iPhone
		{1AF56128-0E34-40B9-A513-6B5390C7D6C9}.AppStore|iPhone.Build.0 = AppStore|iPhone
		{1AF56128-0E34-40B9-A513-6B5390C7D6C9}.AppStore|iPhoneSimulator.ActiveCfg = AppStore|iPhoneSimulator
		{1AF56128-0E34-40B9-A513-6B5390C7D6C9}.AppStore|iPhoneSimulator.Build.0 = AppStore|iPhoneSimulator
		{1AF56128-0E34-40B9-A513-6B5390C7D6C9}.AppStore|x64.ActiveCfg = AppStore|iPhone
		{1AF56128-0E34-40B9-A513-6B5390C7D6C9}.AppStore|x86.ActiveCfg = AppStore|iPhone
		{1AF56128-0E34-40B9-A513-6B5390C7D6C9}.Debug|Any CPU.ActiveCfg = Debug|iPhone
		{1AF56128-0E34-40B9-A513-6B5390C7D6C9}.Debug|ARM.ActiveCfg = Debug|iPhone
		{1AF56128-0E34-40B9-A513-6B5390C7D6C9}.Debug|iPhone.ActiveCfg = Debug|iPhone
		{1AF56128-0E34-40B9-A513-6B5390C7D6C9}.Debug|iPhone.Build.0 = Debug|iPhone
		{1AF56128-0E34-40B9-A513-6B5390C7D6C9}.Debug|iPhoneSimulator.ActiveCfg = Debug|iPhoneSimulator
		{1AF56128-0E34-40B9-A513-6B5390C7D6C9}.Debug|iPhoneSimulator.Build.0 = Debug|iPhoneSimulator
		{1AF56128-0E34-40B9-A513-6B5390C7D6C9}.Debug|x64.ActiveCfg = Debug|iPhone
		{1AF56128-0E34-40B9-A513-6B5390C7D6C9}.Debug|x86.ActiveCfg = Debug|iPhone
		{1AF56128-0E34-40B9-A513-6B5390C7D6C9}.Release|Any CPU.ActiveCfg = Release|iPhone
		{1AF56128-0E34-40B9-A513-6B5390C7D6C9}.Release|ARM.ActiveCfg = Release|iPhone
		{1AF56128-0E34-40B9-A513-6B5390C7D6C9}.Release|iPhone.ActiveCfg = Release|iPhone
		{1AF56128-0E34-40B9-A513-6B5390C7D6C9}.Release|iPhone.Build.0 = Release|iPhone
		{1AF56128-0E34-40B9-A513-6B5390C7D6C9}.Release|iPhoneSimulator.ActiveCfg = Release|iPhoneSimulator
		{1AF56128-0E34-40B9-A513-6B5390C7D6C9}.Release|iPhoneSimulator.Build.0 = Release|iPhoneSimulator
		{1AF56128-0E34-40B9-A513-6B5390C7D6C9}.Release|x64.ActiveCfg = Release|iPhone
		{1AF56128-0E34-40B9-A513-6B5390C7D6C9}.Release|x86.ActiveCfg = Release|iPhone
		{1AF56128-0E34-40B9-A513-6B5390C7D6C9}.Jenkins_iOS|iPhone.ActiveCfg = Jenkins_iOS|iPhone
		{1AF56128-0E34-40B9-A513-6B5390C7D6C9}.Jenkins_iOS|iPhone.Build.0 = Jenkins_iOS|iPhone
		{085731D2-2DF6-4BB1-84E2-485A07F25428}.Ad-Hoc|Any CPU.ActiveCfg = Release|Any CPU
		{085731D2-2DF6-4BB1-84E2-485A07F25428}.Ad-Hoc|Any CPU.Build.0 = Release|Any CPU
		{085731D2-2DF6-4BB1-84E2-485A07F25428}.Ad-Hoc|Any CPU.Deploy.0 = Release|Any CPU
		{085731D2-2DF6-4BB1-84E2-485A07F25428}.Ad-Hoc|ARM.ActiveCfg = Release|ARM
		{085731D2-2DF6-4BB1-84E2-485A07F25428}.Ad-Hoc|ARM.Build.0 = Release|ARM
		{085731D2-2DF6-4BB1-84E2-485A07F25428}.Ad-Hoc|ARM.Deploy.0 = Release|ARM
		{085731D2-2DF6-4BB1-84E2-485A07F25428}.Ad-Hoc|iPhone.ActiveCfg = Release|Any CPU
		{085731D2-2DF6-4BB1-84E2-485A07F25428}.Ad-Hoc|iPhone.Build.0 = Release|Any CPU
		{085731D2-2DF6-4BB1-84E2-485A07F25428}.Ad-Hoc|iPhone.Deploy.0 = Release|Any CPU
		{085731D2-2DF6-4BB1-84E2-485A07F25428}.Ad-Hoc|iPhoneSimulator.ActiveCfg = Release|Any CPU
		{085731D2-2DF6-4BB1-84E2-485A07F25428}.Ad-Hoc|iPhoneSimulator.Build.0 = Release|Any CPU
		{085731D2-2DF6-4BB1-84E2-485A07F25428}.Ad-Hoc|iPhoneSimulator.Deploy.0 = Release|Any CPU
		{085731D2-2DF6-4BB1-84E2-485A07F25428}.Ad-Hoc|x64.ActiveCfg = Release|Any CPU
		{085731D2-2DF6-4BB1-84E2-485A07F25428}.Ad-Hoc|x64.Build.0 = Release|Any CPU
		{085731D2-2DF6-4BB1-84E2-485A07F25428}.Ad-Hoc|x64.Deploy.0 = Release|Any CPU
		{085731D2-2DF6-4BB1-84E2-485A07F25428}.Ad-Hoc|x86.ActiveCfg = Release|x86
		{085731D2-2DF6-4BB1-84E2-485A07F25428}.Ad-Hoc|x86.Build.0 = Release|x86
		{085731D2-2DF6-4BB1-84E2-485A07F25428}.Ad-Hoc|x86.Deploy.0 = Release|x86
		{085731D2-2DF6-4BB1-84E2-485A07F25428}.AppStore|Any CPU.ActiveCfg = Release|Any CPU
		{085731D2-2DF6-4BB1-84E2-485A07F25428}.AppStore|Any CPU.Build.0 = Release|Any CPU
		{085731D2-2DF6-4BB1-84E2-485A07F25428}.AppStore|Any CPU.Deploy.0 = Release|Any CPU
		{085731D2-2DF6-4BB1-84E2-485A07F25428}.AppStore|ARM.ActiveCfg = Release|ARM
		{085731D2-2DF6-4BB1-84E2-485A07F25428}.AppStore|ARM.Build.0 = Release|ARM
		{085731D2-2DF6-4BB1-84E2-485A07F25428}.AppStore|ARM.Deploy.0 = Release|ARM
		{085731D2-2DF6-4BB1-84E2-485A07F25428}.AppStore|iPhone.ActiveCfg = Release|Any CPU
		{085731D2-2DF6-4BB1-84E2-485A07F25428}.AppStore|iPhone.Build.0 = Release|Any CPU
		{085731D2-2DF6-4BB1-84E2-485A07F25428}.AppStore|iPhone.Deploy.0 = Release|Any CPU
		{085731D2-2DF6-4BB1-84E2-485A07F25428}.AppStore|iPhoneSimulator.ActiveCfg = Release|Any CPU
		{085731D2-2DF6-4BB1-84E2-485A07F25428}.AppStore|iPhoneSimulator.Build.0 = Release|Any CPU
		{085731D2-2DF6-4BB1-84E2-485A07F25428}.AppStore|iPhoneSimulator.Deploy.0 = Release|Any CPU
		{085731D2-2DF6-4BB1-84E2-485A07F25428}.AppStore|x64.ActiveCfg = Release|Any CPU
		{085731D2-2DF6-4BB1-84E2-485A07F25428}.AppStore|x64.Build.0 = Release|Any CPU
		{085731D2-2DF6-4BB1-84E2-485A07F25428}.AppStore|x64.Deploy.0 = Release|Any CPU
		{085731D2-2DF6-4BB1-84E2-485A07F25428}.AppStore|x86.ActiveCfg = Release|x86
		{085731D2-2DF6-4BB1-84E2-485A07F25428}.AppStore|x86.Build.0 = Release|x86
		{085731D2-2DF6-4BB1-84E2-485A07F25428}.AppStore|x86.Deploy.0 = Release|x86
		{085731D2-2DF6-4BB1-84E2-485A07F25428}.Debug|Any CPU.ActiveCfg = Debug|Any CPU
		{085731D2-2DF6-4BB1-84E2-485A07F25428}.Debug|Any CPU.Build.0 = Debug|Any CPU
		{085731D2-2DF6-4BB1-84E2-485A07F25428}.Debug|Any CPU.Deploy.0 = Debug|Any CPU
		{085731D2-2DF6-4BB1-84E2-485A07F25428}.Debug|ARM.ActiveCfg = Debug|ARM
		{085731D2-2DF6-4BB1-84E2-485A07F25428}.Debug|ARM.Build.0 = Debug|ARM
		{085731D2-2DF6-4BB1-84E2-485A07F25428}.Debug|ARM.Deploy.0 = Debug|ARM
		{085731D2-2DF6-4BB1-84E2-485A07F25428}.Debug|iPhone.ActiveCfg = Debug|Any CPU
		{085731D2-2DF6-4BB1-84E2-485A07F25428}.Debug|iPhone.Build.0 = Debug|Any CPU
		{085731D2-2DF6-4BB1-84E2-485A07F25428}.Debug|iPhone.Deploy.0 = Debug|Any CPU
		{085731D2-2DF6-4BB1-84E2-485A07F25428}.Debug|iPhoneSimulator.ActiveCfg = Debug|Any CPU
		{085731D2-2DF6-4BB1-84E2-485A07F25428}.Debug|iPhoneSimulator.Build.0 = Debug|Any CPU
		{085731D2-2DF6-4BB1-84E2-485A07F25428}.Debug|iPhoneSimulator.Deploy.0 = Debug|Any CPU
		{085731D2-2DF6-4BB1-84E2-485A07F25428}.Debug|x64.ActiveCfg = Debug|Any CPU
		{085731D2-2DF6-4BB1-84E2-485A07F25428}.Debug|x64.Build.0 = Debug|Any CPU
		{085731D2-2DF6-4BB1-84E2-485A07F25428}.Debug|x64.Deploy.0 = Debug|Any CPU
		{085731D2-2DF6-4BB1-84E2-485A07F25428}.Debug|x86.ActiveCfg = Debug|x86
		{085731D2-2DF6-4BB1-84E2-485A07F25428}.Debug|x86.Build.0 = Debug|x86
		{085731D2-2DF6-4BB1-84E2-485A07F25428}.Debug|x86.Deploy.0 = Debug|x86
		{085731D2-2DF6-4BB1-84E2-485A07F25428}.Release|Any CPU.ActiveCfg = Release|Any CPU
		{085731D2-2DF6-4BB1-84E2-485A07F25428}.Release|Any CPU.Build.0 = Release|Any CPU
		{085731D2-2DF6-4BB1-84E2-485A07F25428}.Release|Any CPU.Deploy.0 = Release|Any CPU
		{085731D2-2DF6-4BB1-84E2-485A07F25428}.Release|ARM.ActiveCfg = Release|ARM
		{085731D2-2DF6-4BB1-84E2-485A07F25428}.Release|ARM.Build.0 = Release|ARM
		{085731D2-2DF6-4BB1-84E2-485A07F25428}.Release|ARM.Deploy.0 = Release|ARM
		{085731D2-2DF6-4BB1-84E2-485A07F25428}.Release|iPhone.ActiveCfg = Release|Any CPU
		{085731D2-2DF6-4BB1-84E2-485A07F25428}.Release|iPhone.Build.0 = Release|Any CPU
		{085731D2-2DF6-4BB1-84E2-485A07F25428}.Release|iPhone.Deploy.0 = Release|Any CPU
		{085731D2-2DF6-4BB1-84E2-485A07F25428}.Release|iPhoneSimulator.ActiveCfg = Release|Any CPU
		{085731D2-2DF6-4BB1-84E2-485A07F25428}.Release|iPhoneSimulator.Build.0 = Release|Any CPU
		{085731D2-2DF6-4BB1-84E2-485A07F25428}.Release|iPhoneSimulator.Deploy.0 = Release|Any CPU
		{085731D2-2DF6-4BB1-84E2-485A07F25428}.Release|x64.ActiveCfg = Release|Any CPU
		{085731D2-2DF6-4BB1-84E2-485A07F25428}.Release|x64.Build.0 = Release|Any CPU
		{085731D2-2DF6-4BB1-84E2-485A07F25428}.Release|x64.Deploy.0 = Release|Any CPU
		{085731D2-2DF6-4BB1-84E2-485A07F25428}.Release|x86.ActiveCfg = Release|x86
		{085731D2-2DF6-4BB1-84E2-485A07F25428}.Release|x86.Build.0 = Release|x86
		{085731D2-2DF6-4BB1-84E2-485A07F25428}.Release|x86.Deploy.0 = Release|x86
		{34D0DBF2-7AD8-4AF8-BF98-39189123003D}.Ad-Hoc|Any CPU.ActiveCfg = Release|x86
		{34D0DBF2-7AD8-4AF8-BF98-39189123003D}.Ad-Hoc|Any CPU.Build.0 = Release|x86
		{34D0DBF2-7AD8-4AF8-BF98-39189123003D}.Ad-Hoc|Any CPU.Deploy.0 = Release|x86
		{34D0DBF2-7AD8-4AF8-BF98-39189123003D}.Ad-Hoc|ARM.ActiveCfg = Release|ARM
		{34D0DBF2-7AD8-4AF8-BF98-39189123003D}.Ad-Hoc|ARM.Build.0 = Release|ARM
		{34D0DBF2-7AD8-4AF8-BF98-39189123003D}.Ad-Hoc|ARM.Deploy.0 = Release|ARM
		{34D0DBF2-7AD8-4AF8-BF98-39189123003D}.Ad-Hoc|iPhone.ActiveCfg = Release|x86
		{34D0DBF2-7AD8-4AF8-BF98-39189123003D}.Ad-Hoc|iPhone.Build.0 = Release|x86
		{34D0DBF2-7AD8-4AF8-BF98-39189123003D}.Ad-Hoc|iPhone.Deploy.0 = Release|x86
		{34D0DBF2-7AD8-4AF8-BF98-39189123003D}.Ad-Hoc|iPhoneSimulator.ActiveCfg = Release|x86
		{34D0DBF2-7AD8-4AF8-BF98-39189123003D}.Ad-Hoc|iPhoneSimulator.Build.0 = Release|x86
		{34D0DBF2-7AD8-4AF8-BF98-39189123003D}.Ad-Hoc|iPhoneSimulator.Deploy.0 = Release|x86
		{34D0DBF2-7AD8-4AF8-BF98-39189123003D}.Ad-Hoc|x64.ActiveCfg = Release|x64
		{34D0DBF2-7AD8-4AF8-BF98-39189123003D}.Ad-Hoc|x64.Build.0 = Release|x64
		{34D0DBF2-7AD8-4AF8-BF98-39189123003D}.Ad-Hoc|x64.Deploy.0 = Release|x64
		{34D0DBF2-7AD8-4AF8-BF98-39189123003D}.Ad-Hoc|x86.ActiveCfg = Release|x86
		{34D0DBF2-7AD8-4AF8-BF98-39189123003D}.Ad-Hoc|x86.Build.0 = Release|x86
		{34D0DBF2-7AD8-4AF8-BF98-39189123003D}.Ad-Hoc|x86.Deploy.0 = Release|x86
		{34D0DBF2-7AD8-4AF8-BF98-39189123003D}.AppStore|Any CPU.ActiveCfg = Release|x86
		{34D0DBF2-7AD8-4AF8-BF98-39189123003D}.AppStore|Any CPU.Build.0 = Release|x86
		{34D0DBF2-7AD8-4AF8-BF98-39189123003D}.AppStore|Any CPU.Deploy.0 = Release|x86
		{34D0DBF2-7AD8-4AF8-BF98-39189123003D}.AppStore|ARM.ActiveCfg = Release|ARM
		{34D0DBF2-7AD8-4AF8-BF98-39189123003D}.AppStore|ARM.Build.0 = Release|ARM
		{34D0DBF2-7AD8-4AF8-BF98-39189123003D}.AppStore|ARM.Deploy.0 = Release|ARM
		{34D0DBF2-7AD8-4AF8-BF98-39189123003D}.AppStore|iPhone.ActiveCfg = Release|x86
		{34D0DBF2-7AD8-4AF8-BF98-39189123003D}.AppStore|iPhone.Build.0 = Release|x86
		{34D0DBF2-7AD8-4AF8-BF98-39189123003D}.AppStore|iPhone.Deploy.0 = Release|x86
		{34D0DBF2-7AD8-4AF8-BF98-39189123003D}.AppStore|iPhoneSimulator.ActiveCfg = Release|x86
		{34D0DBF2-7AD8-4AF8-BF98-39189123003D}.AppStore|iPhoneSimulator.Build.0 = Release|x86
		{34D0DBF2-7AD8-4AF8-BF98-39189123003D}.AppStore|iPhoneSimulator.Deploy.0 = Release|x86
		{34D0DBF2-7AD8-4AF8-BF98-39189123003D}.AppStore|x64.ActiveCfg = Release|x64
		{34D0DBF2-7AD8-4AF8-BF98-39189123003D}.AppStore|x64.Build.0 = Release|x64
		{34D0DBF2-7AD8-4AF8-BF98-39189123003D}.AppStore|x64.Deploy.0 = Release|x64
		{34D0DBF2-7AD8-4AF8-BF98-39189123003D}.AppStore|x86.ActiveCfg = Release|x86
		{34D0DBF2-7AD8-4AF8-BF98-39189123003D}.AppStore|x86.Build.0 = Release|x86
		{34D0DBF2-7AD8-4AF8-BF98-39189123003D}.AppStore|x86.Deploy.0 = Release|x86
		{34D0DBF2-7AD8-4AF8-BF98-39189123003D}.Debug|Any CPU.ActiveCfg = Debug|x86
		{34D0DBF2-7AD8-4AF8-BF98-39189123003D}.Debug|ARM.ActiveCfg = Debug|ARM
		{34D0DBF2-7AD8-4AF8-BF98-39189123003D}.Debug|ARM.Build.0 = Debug|ARM
		{34D0DBF2-7AD8-4AF8-BF98-39189123003D}.Debug|ARM.Deploy.0 = Debug|ARM
		{34D0DBF2-7AD8-4AF8-BF98-39189123003D}.Debug|iPhone.ActiveCfg = Debug|x86
		{34D0DBF2-7AD8-4AF8-BF98-39189123003D}.Debug|iPhoneSimulator.ActiveCfg = Debug|x86
		{34D0DBF2-7AD8-4AF8-BF98-39189123003D}.Debug|x64.ActiveCfg = Debug|x64
		{34D0DBF2-7AD8-4AF8-BF98-39189123003D}.Debug|x64.Build.0 = Debug|x64
		{34D0DBF2-7AD8-4AF8-BF98-39189123003D}.Debug|x64.Deploy.0 = Debug|x64
		{34D0DBF2-7AD8-4AF8-BF98-39189123003D}.Debug|x86.ActiveCfg = Debug|x86
		{34D0DBF2-7AD8-4AF8-BF98-39189123003D}.Debug|x86.Build.0 = Debug|x86
		{34D0DBF2-7AD8-4AF8-BF98-39189123003D}.Debug|x86.Deploy.0 = Debug|x86
		{34D0DBF2-7AD8-4AF8-BF98-39189123003D}.Release|Any CPU.ActiveCfg = Release|x86
		{34D0DBF2-7AD8-4AF8-BF98-39189123003D}.Release|ARM.ActiveCfg = Release|ARM
		{34D0DBF2-7AD8-4AF8-BF98-39189123003D}.Release|ARM.Build.0 = Release|ARM
		{34D0DBF2-7AD8-4AF8-BF98-39189123003D}.Release|ARM.Deploy.0 = Release|ARM
		{34D0DBF2-7AD8-4AF8-BF98-39189123003D}.Release|iPhone.ActiveCfg = Release|x86
		{34D0DBF2-7AD8-4AF8-BF98-39189123003D}.Release|iPhoneSimulator.ActiveCfg = Release|x86
		{34D0DBF2-7AD8-4AF8-BF98-39189123003D}.Release|x64.ActiveCfg = Release|x64
		{34D0DBF2-7AD8-4AF8-BF98-39189123003D}.Release|x64.Build.0 = Release|x64
		{34D0DBF2-7AD8-4AF8-BF98-39189123003D}.Release|x64.Deploy.0 = Release|x64
		{34D0DBF2-7AD8-4AF8-BF98-39189123003D}.Release|x86.ActiveCfg = Release|x86
		{34D0DBF2-7AD8-4AF8-BF98-39189123003D}.Release|x86.Build.0 = Release|x86
		{34D0DBF2-7AD8-4AF8-BF98-39189123003D}.Release|x86.Deploy.0 = Release|x86
		{072DDD74-1D26-4CA3-9FFE-36299754009A}.Ad-Hoc|Any CPU.ActiveCfg = Release|Any CPU
		{072DDD74-1D26-4CA3-9FFE-36299754009A}.Ad-Hoc|Any CPU.Build.0 = Release|Any CPU
		{072DDD74-1D26-4CA3-9FFE-36299754009A}.Ad-Hoc|Any CPU.Deploy.0 = Release|Any CPU
		{072DDD74-1D26-4CA3-9FFE-36299754009A}.Ad-Hoc|ARM.ActiveCfg = Release|ARM
		{072DDD74-1D26-4CA3-9FFE-36299754009A}.Ad-Hoc|ARM.Build.0 = Release|ARM
		{072DDD74-1D26-4CA3-9FFE-36299754009A}.Ad-Hoc|ARM.Deploy.0 = Release|ARM
		{072DDD74-1D26-4CA3-9FFE-36299754009A}.Ad-Hoc|iPhone.ActiveCfg = Release|Any CPU
		{072DDD74-1D26-4CA3-9FFE-36299754009A}.Ad-Hoc|iPhone.Build.0 = Release|Any CPU
		{072DDD74-1D26-4CA3-9FFE-36299754009A}.Ad-Hoc|iPhone.Deploy.0 = Release|Any CPU
		{072DDD74-1D26-4CA3-9FFE-36299754009A}.Ad-Hoc|iPhoneSimulator.ActiveCfg = Release|Any CPU
		{072DDD74-1D26-4CA3-9FFE-36299754009A}.Ad-Hoc|iPhoneSimulator.Build.0 = Release|Any CPU
		{072DDD74-1D26-4CA3-9FFE-36299754009A}.Ad-Hoc|iPhoneSimulator.Deploy.0 = Release|Any CPU
		{072DDD74-1D26-4CA3-9FFE-36299754009A}.Ad-Hoc|x64.ActiveCfg = Release|x64
		{072DDD74-1D26-4CA3-9FFE-36299754009A}.Ad-Hoc|x64.Build.0 = Release|x64
		{072DDD74-1D26-4CA3-9FFE-36299754009A}.Ad-Hoc|x64.Deploy.0 = Release|x64
		{072DDD74-1D26-4CA3-9FFE-36299754009A}.Ad-Hoc|x86.ActiveCfg = Release|x86
		{072DDD74-1D26-4CA3-9FFE-36299754009A}.Ad-Hoc|x86.Build.0 = Release|x86
		{072DDD74-1D26-4CA3-9FFE-36299754009A}.Ad-Hoc|x86.Deploy.0 = Release|x86
		{072DDD74-1D26-4CA3-9FFE-36299754009A}.AppStore|Any CPU.ActiveCfg = Release|Any CPU
		{072DDD74-1D26-4CA3-9FFE-36299754009A}.AppStore|Any CPU.Build.0 = Release|Any CPU
		{072DDD74-1D26-4CA3-9FFE-36299754009A}.AppStore|Any CPU.Deploy.0 = Release|Any CPU
		{072DDD74-1D26-4CA3-9FFE-36299754009A}.AppStore|ARM.ActiveCfg = Release|ARM
		{072DDD74-1D26-4CA3-9FFE-36299754009A}.AppStore|ARM.Build.0 = Release|ARM
		{072DDD74-1D26-4CA3-9FFE-36299754009A}.AppStore|ARM.Deploy.0 = Release|ARM
		{072DDD74-1D26-4CA3-9FFE-36299754009A}.AppStore|iPhone.ActiveCfg = Release|Any CPU
		{072DDD74-1D26-4CA3-9FFE-36299754009A}.AppStore|iPhone.Build.0 = Release|Any CPU
		{072DDD74-1D26-4CA3-9FFE-36299754009A}.AppStore|iPhone.Deploy.0 = Release|Any CPU
		{072DDD74-1D26-4CA3-9FFE-36299754009A}.AppStore|iPhoneSimulator.ActiveCfg = Release|Any CPU
		{072DDD74-1D26-4CA3-9FFE-36299754009A}.AppStore|iPhoneSimulator.Build.0 = Release|Any CPU
		{072DDD74-1D26-4CA3-9FFE-36299754009A}.AppStore|iPhoneSimulator.Deploy.0 = Release|Any CPU
		{072DDD74-1D26-4CA3-9FFE-36299754009A}.AppStore|x64.ActiveCfg = Release|x64
		{072DDD74-1D26-4CA3-9FFE-36299754009A}.AppStore|x64.Build.0 = Release|x64
		{072DDD74-1D26-4CA3-9FFE-36299754009A}.AppStore|x64.Deploy.0 = Release|x64
		{072DDD74-1D26-4CA3-9FFE-36299754009A}.AppStore|x86.ActiveCfg = Release|x86
		{072DDD74-1D26-4CA3-9FFE-36299754009A}.AppStore|x86.Build.0 = Release|x86
		{072DDD74-1D26-4CA3-9FFE-36299754009A}.AppStore|x86.Deploy.0 = Release|x86
		{072DDD74-1D26-4CA3-9FFE-36299754009A}.Debug|Any CPU.ActiveCfg = Debug|Any CPU
		{072DDD74-1D26-4CA3-9FFE-36299754009A}.Debug|Any CPU.Build.0 = Debug|Any CPU
		{072DDD74-1D26-4CA3-9FFE-36299754009A}.Debug|Any CPU.Deploy.0 = Debug|Any CPU
		{072DDD74-1D26-4CA3-9FFE-36299754009A}.Debug|ARM.ActiveCfg = Debug|ARM
		{072DDD74-1D26-4CA3-9FFE-36299754009A}.Debug|ARM.Build.0 = Debug|ARM
		{072DDD74-1D26-4CA3-9FFE-36299754009A}.Debug|ARM.Deploy.0 = Debug|ARM
		{072DDD74-1D26-4CA3-9FFE-36299754009A}.Debug|iPhone.ActiveCfg = Debug|Any CPU
		{072DDD74-1D26-4CA3-9FFE-36299754009A}.Debug|iPhone.Build.0 = Debug|Any CPU
		{072DDD74-1D26-4CA3-9FFE-36299754009A}.Debug|iPhone.Deploy.0 = Debug|Any CPU
		{072DDD74-1D26-4CA3-9FFE-36299754009A}.Debug|iPhoneSimulator.ActiveCfg = Debug|Any CPU
		{072DDD74-1D26-4CA3-9FFE-36299754009A}.Debug|iPhoneSimulator.Build.0 = Debug|Any CPU
		{072DDD74-1D26-4CA3-9FFE-36299754009A}.Debug|iPhoneSimulator.Deploy.0 = Debug|Any CPU
		{072DDD74-1D26-4CA3-9FFE-36299754009A}.Debug|x64.ActiveCfg = Debug|x64
		{072DDD74-1D26-4CA3-9FFE-36299754009A}.Debug|x64.Build.0 = Debug|x64
		{072DDD74-1D26-4CA3-9FFE-36299754009A}.Debug|x64.Deploy.0 = Debug|x64
		{072DDD74-1D26-4CA3-9FFE-36299754009A}.Debug|x86.ActiveCfg = Debug|x86
		{072DDD74-1D26-4CA3-9FFE-36299754009A}.Debug|x86.Build.0 = Debug|x86
		{072DDD74-1D26-4CA3-9FFE-36299754009A}.Debug|x86.Deploy.0 = Debug|x86
		{072DDD74-1D26-4CA3-9FFE-36299754009A}.Release|Any CPU.ActiveCfg = Release|Any CPU
		{072DDD74-1D26-4CA3-9FFE-36299754009A}.Release|Any CPU.Build.0 = Release|Any CPU
		{072DDD74-1D26-4CA3-9FFE-36299754009A}.Release|Any CPU.Deploy.0 = Release|Any CPU
		{072DDD74-1D26-4CA3-9FFE-36299754009A}.Release|ARM.ActiveCfg = Release|ARM
		{072DDD74-1D26-4CA3-9FFE-36299754009A}.Release|ARM.Build.0 = Release|ARM
		{072DDD74-1D26-4CA3-9FFE-36299754009A}.Release|ARM.Deploy.0 = Release|ARM
		{072DDD74-1D26-4CA3-9FFE-36299754009A}.Release|iPhone.ActiveCfg = Release|Any CPU
		{072DDD74-1D26-4CA3-9FFE-36299754009A}.Release|iPhone.Build.0 = Release|Any CPU
		{072DDD74-1D26-4CA3-9FFE-36299754009A}.Release|iPhone.Deploy.0 = Release|Any CPU
		{072DDD74-1D26-4CA3-9FFE-36299754009A}.Release|iPhoneSimulator.ActiveCfg = Release|Any CPU
		{072DDD74-1D26-4CA3-9FFE-36299754009A}.Release|iPhoneSimulator.Build.0 = Release|Any CPU
		{072DDD74-1D26-4CA3-9FFE-36299754009A}.Release|iPhoneSimulator.Deploy.0 = Release|Any CPU
		{072DDD74-1D26-4CA3-9FFE-36299754009A}.Release|x64.ActiveCfg = Release|x64
		{072DDD74-1D26-4CA3-9FFE-36299754009A}.Release|x64.Build.0 = Release|x64
		{072DDD74-1D26-4CA3-9FFE-36299754009A}.Release|x64.Deploy.0 = Release|x64
		{072DDD74-1D26-4CA3-9FFE-36299754009A}.Release|x86.ActiveCfg = Release|x86
		{072DDD74-1D26-4CA3-9FFE-36299754009A}.Release|x86.Build.0 = Release|x86
		{072DDD74-1D26-4CA3-9FFE-36299754009A}.Release|x86.Deploy.0 = Release|x86
		{F7DD654C-606D-4A48-B07F-84C44DC95940}.Ad-Hoc|Any CPU.ActiveCfg = Release|Any CPU
		{F7DD654C-606D-4A48-B07F-84C44DC95940}.Ad-Hoc|Any CPU.Build.0 = Release|Any CPU
		{F7DD654C-606D-4A48-B07F-84C44DC95940}.Ad-Hoc|ARM.ActiveCfg = Release|Any CPU
		{F7DD654C-606D-4A48-B07F-84C44DC95940}.Ad-Hoc|ARM.Build.0 = Release|Any CPU
		{F7DD654C-606D-4A48-B07F-84C44DC95940}.Ad-Hoc|iPhone.ActiveCfg = Release|Any CPU
		{F7DD654C-606D-4A48-B07F-84C44DC95940}.Ad-Hoc|iPhone.Build.0 = Release|Any CPU
		{F7DD654C-606D-4A48-B07F-84C44DC95940}.Ad-Hoc|iPhoneSimulator.ActiveCfg = Release|Any CPU
		{F7DD654C-606D-4A48-B07F-84C44DC95940}.Ad-Hoc|iPhoneSimulator.Build.0 = Release|Any CPU
		{F7DD654C-606D-4A48-B07F-84C44DC95940}.Ad-Hoc|x64.ActiveCfg = Release|Any CPU
		{F7DD654C-606D-4A48-B07F-84C44DC95940}.Ad-Hoc|x64.Build.0 = Release|Any CPU
		{F7DD654C-606D-4A48-B07F-84C44DC95940}.Ad-Hoc|x86.ActiveCfg = Release|Any CPU
		{F7DD654C-606D-4A48-B07F-84C44DC95940}.Ad-Hoc|x86.Build.0 = Release|Any CPU
		{F7DD654C-606D-4A48-B07F-84C44DC95940}.AppStore|Any CPU.ActiveCfg = Release|Any CPU
		{F7DD654C-606D-4A48-B07F-84C44DC95940}.AppStore|Any CPU.Build.0 = Release|Any CPU
		{F7DD654C-606D-4A48-B07F-84C44DC95940}.AppStore|ARM.ActiveCfg = Release|Any CPU
		{F7DD654C-606D-4A48-B07F-84C44DC95940}.AppStore|ARM.Build.0 = Release|Any CPU
		{F7DD654C-606D-4A48-B07F-84C44DC95940}.AppStore|iPhone.ActiveCfg = Release|Any CPU
		{F7DD654C-606D-4A48-B07F-84C44DC95940}.AppStore|iPhone.Build.0 = Release|Any CPU
		{F7DD654C-606D-4A48-B07F-84C44DC95940}.AppStore|iPhoneSimulator.ActiveCfg = Release|Any CPU
		{F7DD654C-606D-4A48-B07F-84C44DC95940}.AppStore|iPhoneSimulator.Build.0 = Release|Any CPU
		{F7DD654C-606D-4A48-B07F-84C44DC95940}.AppStore|x64.ActiveCfg = Release|Any CPU
		{F7DD654C-606D-4A48-B07F-84C44DC95940}.AppStore|x64.Build.0 = Release|Any CPU
		{F7DD654C-606D-4A48-B07F-84C44DC95940}.AppStore|x86.ActiveCfg = Release|Any CPU
		{F7DD654C-606D-4A48-B07F-84C44DC95940}.AppStore|x86.Build.0 = Release|Any CPU
		{F7DD654C-606D-4A48-B07F-84C44DC95940}.Debug|Any CPU.ActiveCfg = Debug|Any CPU
		{F7DD654C-606D-4A48-B07F-84C44DC95940}.Debug|Any CPU.Build.0 = Debug|Any CPU
		{F7DD654C-606D-4A48-B07F-84C44DC95940}.Debug|ARM.ActiveCfg = Debug|Any CPU
		{F7DD654C-606D-4A48-B07F-84C44DC95940}.Debug|ARM.Build.0 = Debug|Any CPU
		{F7DD654C-606D-4A48-B07F-84C44DC95940}.Debug|iPhone.ActiveCfg = Debug|Any CPU
		{F7DD654C-606D-4A48-B07F-84C44DC95940}.Debug|iPhone.Build.0 = Debug|Any CPU
		{F7DD654C-606D-4A48-B07F-84C44DC95940}.Debug|iPhoneSimulator.ActiveCfg = Debug|Any CPU
		{F7DD654C-606D-4A48-B07F-84C44DC95940}.Debug|iPhoneSimulator.Build.0 = Debug|Any CPU
		{F7DD654C-606D-4A48-B07F-84C44DC95940}.Debug|x64.ActiveCfg = Debug|Any CPU
		{F7DD654C-606D-4A48-B07F-84C44DC95940}.Debug|x64.Build.0 = Debug|Any CPU
		{F7DD654C-606D-4A48-B07F-84C44DC95940}.Debug|x86.ActiveCfg = Debug|Any CPU
		{F7DD654C-606D-4A48-B07F-84C44DC95940}.Debug|x86.Build.0 = Debug|Any CPU
		{F7DD654C-606D-4A48-B07F-84C44DC95940}.Release|Any CPU.ActiveCfg = Release|Any CPU
		{F7DD654C-606D-4A48-B07F-84C44DC95940}.Release|Any CPU.Build.0 = Release|Any CPU
		{F7DD654C-606D-4A48-B07F-84C44DC95940}.Release|ARM.ActiveCfg = Release|Any CPU
		{F7DD654C-606D-4A48-B07F-84C44DC95940}.Release|ARM.Build.0 = Release|Any CPU
		{F7DD654C-606D-4A48-B07F-84C44DC95940}.Release|iPhone.ActiveCfg = Release|Any CPU
		{F7DD654C-606D-4A48-B07F-84C44DC95940}.Release|iPhone.Build.0 = Release|Any CPU
		{F7DD654C-606D-4A48-B07F-84C44DC95940}.Release|iPhoneSimulator.ActiveCfg = Release|Any CPU
		{F7DD654C-606D-4A48-B07F-84C44DC95940}.Release|iPhoneSimulator.Build.0 = Release|Any CPU
		{F7DD654C-606D-4A48-B07F-84C44DC95940}.Release|x64.ActiveCfg = Release|Any CPU
		{F7DD654C-606D-4A48-B07F-84C44DC95940}.Release|x64.Build.0 = Release|Any CPU
		{F7DD654C-606D-4A48-B07F-84C44DC95940}.Release|x86.ActiveCfg = Release|Any CPU
		{F7DD654C-606D-4A48-B07F-84C44DC95940}.Release|x86.Build.0 = Release|Any CPU
		{F7DD654C-606D-4A48-B07F-84C44DC95940}.Jenkins_iOS|iPhone.ActiveCfg = Jenkins_iOS|iPhone
		{F7DD654C-606D-4A48-B07F-84C44DC95940}.Jenkins_iOS|iPhone.Build.0 = Jenkins_iOS|iPhone
		{17B9C936-E398-43CE-998F-5A4BB5D41CC7}.Ad-Hoc|Any CPU.ActiveCfg = Release|Any CPU
		{17B9C936-E398-43CE-998F-5A4BB5D41CC7}.Ad-Hoc|Any CPU.Build.0 = Release|Any CPU
		{17B9C936-E398-43CE-998F-5A4BB5D41CC7}.Ad-Hoc|Any CPU.Deploy.0 = Release|Any CPU
		{17B9C936-E398-43CE-998F-5A4BB5D41CC7}.Ad-Hoc|ARM.ActiveCfg = Release|Any CPU
		{17B9C936-E398-43CE-998F-5A4BB5D41CC7}.Ad-Hoc|ARM.Build.0 = Release|Any CPU
		{17B9C936-E398-43CE-998F-5A4BB5D41CC7}.Ad-Hoc|ARM.Deploy.0 = Release|Any CPU
		{17B9C936-E398-43CE-998F-5A4BB5D41CC7}.Ad-Hoc|iPhone.ActiveCfg = Release|Any CPU
		{17B9C936-E398-43CE-998F-5A4BB5D41CC7}.Ad-Hoc|iPhone.Deploy.0 = Release|Any CPU
		{17B9C936-E398-43CE-998F-5A4BB5D41CC7}.Ad-Hoc|iPhoneSimulator.ActiveCfg = Release|Any CPU
		{17B9C936-E398-43CE-998F-5A4BB5D41CC7}.Ad-Hoc|iPhoneSimulator.Deploy.0 = Release|Any CPU
		{17B9C936-E398-43CE-998F-5A4BB5D41CC7}.Ad-Hoc|x64.ActiveCfg = Release|Any CPU
		{17B9C936-E398-43CE-998F-5A4BB5D41CC7}.Ad-Hoc|x64.Build.0 = Release|Any CPU
		{17B9C936-E398-43CE-998F-5A4BB5D41CC7}.Ad-Hoc|x64.Deploy.0 = Release|Any CPU
		{17B9C936-E398-43CE-998F-5A4BB5D41CC7}.Ad-Hoc|x86.ActiveCfg = Release|Any CPU
		{17B9C936-E398-43CE-998F-5A4BB5D41CC7}.Ad-Hoc|x86.Build.0 = Release|Any CPU
		{17B9C936-E398-43CE-998F-5A4BB5D41CC7}.Ad-Hoc|x86.Deploy.0 = Release|Any CPU
		{17B9C936-E398-43CE-998F-5A4BB5D41CC7}.AppStore|Any CPU.ActiveCfg = Release|Any CPU
		{17B9C936-E398-43CE-998F-5A4BB5D41CC7}.AppStore|Any CPU.Build.0 = Release|Any CPU
		{17B9C936-E398-43CE-998F-5A4BB5D41CC7}.AppStore|Any CPU.Deploy.0 = Release|Any CPU
		{17B9C936-E398-43CE-998F-5A4BB5D41CC7}.AppStore|ARM.ActiveCfg = Release|Any CPU
		{17B9C936-E398-43CE-998F-5A4BB5D41CC7}.AppStore|ARM.Build.0 = Release|Any CPU
		{17B9C936-E398-43CE-998F-5A4BB5D41CC7}.AppStore|ARM.Deploy.0 = Release|Any CPU
		{17B9C936-E398-43CE-998F-5A4BB5D41CC7}.AppStore|iPhone.ActiveCfg = Release|Any CPU
		{17B9C936-E398-43CE-998F-5A4BB5D41CC7}.AppStore|iPhone.Build.0 = Release|Any CPU
		{17B9C936-E398-43CE-998F-5A4BB5D41CC7}.AppStore|iPhone.Deploy.0 = Release|Any CPU
		{17B9C936-E398-43CE-998F-5A4BB5D41CC7}.AppStore|iPhoneSimulator.ActiveCfg = Release|Any CPU
		{17B9C936-E398-43CE-998F-5A4BB5D41CC7}.AppStore|iPhoneSimulator.Build.0 = Release|Any CPU
		{17B9C936-E398-43CE-998F-5A4BB5D41CC7}.AppStore|iPhoneSimulator.Deploy.0 = Release|Any CPU
		{17B9C936-E398-43CE-998F-5A4BB5D41CC7}.AppStore|x64.ActiveCfg = Release|Any CPU
		{17B9C936-E398-43CE-998F-5A4BB5D41CC7}.AppStore|x64.Build.0 = Release|Any CPU
		{17B9C936-E398-43CE-998F-5A4BB5D41CC7}.AppStore|x64.Deploy.0 = Release|Any CPU
		{17B9C936-E398-43CE-998F-5A4BB5D41CC7}.AppStore|x86.ActiveCfg = Release|Any CPU
		{17B9C936-E398-43CE-998F-5A4BB5D41CC7}.AppStore|x86.Build.0 = Release|Any CPU
		{17B9C936-E398-43CE-998F-5A4BB5D41CC7}.AppStore|x86.Deploy.0 = Release|Any CPU
		{17B9C936-E398-43CE-998F-5A4BB5D41CC7}.Debug|Any CPU.ActiveCfg = Debug|Any CPU
		{17B9C936-E398-43CE-998F-5A4BB5D41CC7}.Debug|Any CPU.Build.0 = Debug|Any CPU
		{17B9C936-E398-43CE-998F-5A4BB5D41CC7}.Debug|Any CPU.Deploy.0 = Debug|Any CPU
		{17B9C936-E398-43CE-998F-5A4BB5D41CC7}.Debug|ARM.ActiveCfg = Debug|Any CPU
		{17B9C936-E398-43CE-998F-5A4BB5D41CC7}.Debug|ARM.Build.0 = Debug|Any CPU
		{17B9C936-E398-43CE-998F-5A4BB5D41CC7}.Debug|ARM.Deploy.0 = Debug|Any CPU
		{17B9C936-E398-43CE-998F-5A4BB5D41CC7}.Debug|iPhone.ActiveCfg = Debug|Any CPU
		{17B9C936-E398-43CE-998F-5A4BB5D41CC7}.Debug|iPhone.Build.0 = Debug|Any CPU
		{17B9C936-E398-43CE-998F-5A4BB5D41CC7}.Debug|iPhone.Deploy.0 = Debug|Any CPU
		{17B9C936-E398-43CE-998F-5A4BB5D41CC7}.Debug|iPhoneSimulator.ActiveCfg = Debug|Any CPU
		{17B9C936-E398-43CE-998F-5A4BB5D41CC7}.Debug|iPhoneSimulator.Build.0 = Debug|Any CPU
		{17B9C936-E398-43CE-998F-5A4BB5D41CC7}.Debug|iPhoneSimulator.Deploy.0 = Debug|Any CPU
		{17B9C936-E398-43CE-998F-5A4BB5D41CC7}.Debug|x64.ActiveCfg = Debug|Any CPU
		{17B9C936-E398-43CE-998F-5A4BB5D41CC7}.Debug|x64.Build.0 = Debug|Any CPU
		{17B9C936-E398-43CE-998F-5A4BB5D41CC7}.Debug|x64.Deploy.0 = Debug|Any CPU
		{17B9C936-E398-43CE-998F-5A4BB5D41CC7}.Debug|x86.ActiveCfg = Debug|Any CPU
		{17B9C936-E398-43CE-998F-5A4BB5D41CC7}.Debug|x86.Build.0 = Debug|Any CPU
		{17B9C936-E398-43CE-998F-5A4BB5D41CC7}.Debug|x86.Deploy.0 = Debug|Any CPU
		{17B9C936-E398-43CE-998F-5A4BB5D41CC7}.Release|Any CPU.ActiveCfg = Release|Any CPU
		{17B9C936-E398-43CE-998F-5A4BB5D41CC7}.Release|Any CPU.Build.0 = Release|Any CPU
		{17B9C936-E398-43CE-998F-5A4BB5D41CC7}.Release|Any CPU.Deploy.0 = Release|Any CPU
		{17B9C936-E398-43CE-998F-5A4BB5D41CC7}.Release|ARM.ActiveCfg = Release|Any CPU
		{17B9C936-E398-43CE-998F-5A4BB5D41CC7}.Release|ARM.Build.0 = Release|Any CPU
		{17B9C936-E398-43CE-998F-5A4BB5D41CC7}.Release|ARM.Deploy.0 = Release|Any CPU
		{17B9C936-E398-43CE-998F-5A4BB5D41CC7}.Release|iPhone.ActiveCfg = Release|Any CPU
		{17B9C936-E398-43CE-998F-5A4BB5D41CC7}.Release|iPhone.Build.0 = Release|Any CPU
		{17B9C936-E398-43CE-998F-5A4BB5D41CC7}.Release|iPhone.Deploy.0 = Release|Any CPU
		{17B9C936-E398-43CE-998F-5A4BB5D41CC7}.Release|iPhoneSimulator.ActiveCfg = Release|Any CPU
		{17B9C936-E398-43CE-998F-5A4BB5D41CC7}.Release|iPhoneSimulator.Build.0 = Release|Any CPU
		{17B9C936-E398-43CE-998F-5A4BB5D41CC7}.Release|iPhoneSimulator.Deploy.0 = Release|Any CPU
		{17B9C936-E398-43CE-998F-5A4BB5D41CC7}.Release|x64.ActiveCfg = Release|Any CPU
		{17B9C936-E398-43CE-998F-5A4BB5D41CC7}.Release|x64.Build.0 = Release|Any CPU
		{17B9C936-E398-43CE-998F-5A4BB5D41CC7}.Release|x64.Deploy.0 = Release|Any CPU
		{17B9C936-E398-43CE-998F-5A4BB5D41CC7}.Release|x86.ActiveCfg = Release|Any CPU
		{17B9C936-E398-43CE-998F-5A4BB5D41CC7}.Release|x86.Build.0 = Release|Any CPU
		{17B9C936-E398-43CE-998F-5A4BB5D41CC7}.Release|x86.Deploy.0 = Release|Any CPU
		{17B9C936-E398-43CE-998F-5A4BB5D41CC7}.Jenkins_iOS|iPhone.ActiveCfg = Jenkins_iOS|iPhone
		{F19AF238-3811-446E-B7DB-C046676CFC80}.Ad-Hoc|Any CPU.ActiveCfg = Release|iPhone
		{F19AF238-3811-446E-B7DB-C046676CFC80}.Ad-Hoc|Any CPU.Build.0 = Release|iPhone
		{F19AF238-3811-446E-B7DB-C046676CFC80}.Ad-Hoc|ARM.ActiveCfg = Release|iPhone
		{F19AF238-3811-446E-B7DB-C046676CFC80}.Ad-Hoc|ARM.Build.0 = Release|iPhone
		{F19AF238-3811-446E-B7DB-C046676CFC80}.Ad-Hoc|iPhone.ActiveCfg = Release|iPhone
		{F19AF238-3811-446E-B7DB-C046676CFC80}.Ad-Hoc|iPhone.Build.0 = Release|iPhone
		{F19AF238-3811-446E-B7DB-C046676CFC80}.Ad-Hoc|iPhoneSimulator.ActiveCfg = Release|iPhoneSimulator
		{F19AF238-3811-446E-B7DB-C046676CFC80}.Ad-Hoc|iPhoneSimulator.Build.0 = Release|iPhoneSimulator
		{F19AF238-3811-446E-B7DB-C046676CFC80}.Ad-Hoc|x64.ActiveCfg = Release|iPhone
		{F19AF238-3811-446E-B7DB-C046676CFC80}.Ad-Hoc|x64.Build.0 = Release|iPhone
		{F19AF238-3811-446E-B7DB-C046676CFC80}.Ad-Hoc|x86.ActiveCfg = Release|iPhone
		{F19AF238-3811-446E-B7DB-C046676CFC80}.Ad-Hoc|x86.Build.0 = Release|iPhone
		{F19AF238-3811-446E-B7DB-C046676CFC80}.AppStore|Any CPU.ActiveCfg = Release|iPhone
		{F19AF238-3811-446E-B7DB-C046676CFC80}.AppStore|Any CPU.Build.0 = Release|iPhone
		{F19AF238-3811-446E-B7DB-C046676CFC80}.AppStore|ARM.ActiveCfg = Release|iPhone
		{F19AF238-3811-446E-B7DB-C046676CFC80}.AppStore|ARM.Build.0 = Release|iPhone
		{F19AF238-3811-446E-B7DB-C046676CFC80}.AppStore|iPhone.ActiveCfg = Release|iPhone
		{F19AF238-3811-446E-B7DB-C046676CFC80}.AppStore|iPhone.Build.0 = Release|iPhone
		{F19AF238-3811-446E-B7DB-C046676CFC80}.AppStore|iPhoneSimulator.ActiveCfg = Release|iPhoneSimulator
		{F19AF238-3811-446E-B7DB-C046676CFC80}.AppStore|iPhoneSimulator.Build.0 = Release|iPhoneSimulator
		{F19AF238-3811-446E-B7DB-C046676CFC80}.AppStore|x64.ActiveCfg = Release|iPhone
		{F19AF238-3811-446E-B7DB-C046676CFC80}.AppStore|x64.Build.0 = Release|iPhone
		{F19AF238-3811-446E-B7DB-C046676CFC80}.AppStore|x86.ActiveCfg = Release|iPhone
		{F19AF238-3811-446E-B7DB-C046676CFC80}.AppStore|x86.Build.0 = Release|iPhone
		{F19AF238-3811-446E-B7DB-C046676CFC80}.Debug|Any CPU.ActiveCfg = Debug|iPhone
		{F19AF238-3811-446E-B7DB-C046676CFC80}.Debug|ARM.ActiveCfg = Debug|iPhone
		{F19AF238-3811-446E-B7DB-C046676CFC80}.Debug|iPhone.ActiveCfg = Debug|iPhone
		{F19AF238-3811-446E-B7DB-C046676CFC80}.Debug|iPhone.Build.0 = Debug|iPhone
		{F19AF238-3811-446E-B7DB-C046676CFC80}.Debug|iPhoneSimulator.ActiveCfg = Debug|iPhoneSimulator
		{F19AF238-3811-446E-B7DB-C046676CFC80}.Debug|iPhoneSimulator.Build.0 = Debug|iPhoneSimulator
		{F19AF238-3811-446E-B7DB-C046676CFC80}.Debug|x64.ActiveCfg = Debug|iPhone
		{F19AF238-3811-446E-B7DB-C046676CFC80}.Debug|x86.ActiveCfg = Debug|iPhone
		{F19AF238-3811-446E-B7DB-C046676CFC80}.Release|Any CPU.ActiveCfg = Release|iPhone
		{F19AF238-3811-446E-B7DB-C046676CFC80}.Release|ARM.ActiveCfg = Release|iPhone
		{F19AF238-3811-446E-B7DB-C046676CFC80}.Release|iPhone.ActiveCfg = Release|iPhone
		{F19AF238-3811-446E-B7DB-C046676CFC80}.Release|iPhone.Build.0 = Release|iPhone
		{F19AF238-3811-446E-B7DB-C046676CFC80}.Release|iPhoneSimulator.ActiveCfg = Release|iPhoneSimulator
		{F19AF238-3811-446E-B7DB-C046676CFC80}.Release|iPhoneSimulator.Build.0 = Release|iPhoneSimulator
		{F19AF238-3811-446E-B7DB-C046676CFC80}.Release|x64.ActiveCfg = Release|iPhone
		{F19AF238-3811-446E-B7DB-C046676CFC80}.Release|x86.ActiveCfg = Release|iPhone
		{F19AF238-3811-446E-B7DB-C046676CFC80}.Jenkins_iOS|iPhone.ActiveCfg = Jenkins_iOS|iPhone
		{F19AF238-3811-446E-B7DB-C046676CFC80}.Jenkins_iOS|iPhone.Build.0 = Jenkins_iOS|iPhone
		{8DE297B8-9310-44A1-BE98-A79D52647FD7}.Ad-Hoc|Any CPU.ActiveCfg = Release|Any CPU
		{8DE297B8-9310-44A1-BE98-A79D52647FD7}.Ad-Hoc|Any CPU.Build.0 = Release|Any CPU
		{8DE297B8-9310-44A1-BE98-A79D52647FD7}.Ad-Hoc|Any CPU.Deploy.0 = Release|Any CPU
		{8DE297B8-9310-44A1-BE98-A79D52647FD7}.Ad-Hoc|ARM.ActiveCfg = Release|ARM
		{8DE297B8-9310-44A1-BE98-A79D52647FD7}.Ad-Hoc|ARM.Build.0 = Release|ARM
		{8DE297B8-9310-44A1-BE98-A79D52647FD7}.Ad-Hoc|ARM.Deploy.0 = Release|ARM
		{8DE297B8-9310-44A1-BE98-A79D52647FD7}.Ad-Hoc|iPhone.ActiveCfg = Release|Any CPU
		{8DE297B8-9310-44A1-BE98-A79D52647FD7}.Ad-Hoc|iPhone.Build.0 = Release|Any CPU
		{8DE297B8-9310-44A1-BE98-A79D52647FD7}.Ad-Hoc|iPhone.Deploy.0 = Release|Any CPU
		{8DE297B8-9310-44A1-BE98-A79D52647FD7}.Ad-Hoc|iPhoneSimulator.ActiveCfg = Release|Any CPU
		{8DE297B8-9310-44A1-BE98-A79D52647FD7}.Ad-Hoc|iPhoneSimulator.Build.0 = Release|Any CPU
		{8DE297B8-9310-44A1-BE98-A79D52647FD7}.Ad-Hoc|iPhoneSimulator.Deploy.0 = Release|Any CPU
		{8DE297B8-9310-44A1-BE98-A79D52647FD7}.Ad-Hoc|x64.ActiveCfg = Release|Any CPU
		{8DE297B8-9310-44A1-BE98-A79D52647FD7}.Ad-Hoc|x64.Build.0 = Release|Any CPU
		{8DE297B8-9310-44A1-BE98-A79D52647FD7}.Ad-Hoc|x64.Deploy.0 = Release|Any CPU
		{8DE297B8-9310-44A1-BE98-A79D52647FD7}.Ad-Hoc|x86.ActiveCfg = Release|x86
		{8DE297B8-9310-44A1-BE98-A79D52647FD7}.Ad-Hoc|x86.Build.0 = Release|x86
		{8DE297B8-9310-44A1-BE98-A79D52647FD7}.Ad-Hoc|x86.Deploy.0 = Release|x86
		{8DE297B8-9310-44A1-BE98-A79D52647FD7}.AppStore|Any CPU.ActiveCfg = Release|Any CPU
		{8DE297B8-9310-44A1-BE98-A79D52647FD7}.AppStore|Any CPU.Build.0 = Release|Any CPU
		{8DE297B8-9310-44A1-BE98-A79D52647FD7}.AppStore|Any CPU.Deploy.0 = Release|Any CPU
		{8DE297B8-9310-44A1-BE98-A79D52647FD7}.AppStore|ARM.ActiveCfg = Release|ARM
		{8DE297B8-9310-44A1-BE98-A79D52647FD7}.AppStore|ARM.Build.0 = Release|ARM
		{8DE297B8-9310-44A1-BE98-A79D52647FD7}.AppStore|ARM.Deploy.0 = Release|ARM
		{8DE297B8-9310-44A1-BE98-A79D52647FD7}.AppStore|iPhone.ActiveCfg = Release|Any CPU
		{8DE297B8-9310-44A1-BE98-A79D52647FD7}.AppStore|iPhone.Build.0 = Release|Any CPU
		{8DE297B8-9310-44A1-BE98-A79D52647FD7}.AppStore|iPhone.Deploy.0 = Release|Any CPU
		{8DE297B8-9310-44A1-BE98-A79D52647FD7}.AppStore|iPhoneSimulator.ActiveCfg = Release|Any CPU
		{8DE297B8-9310-44A1-BE98-A79D52647FD7}.AppStore|iPhoneSimulator.Build.0 = Release|Any CPU
		{8DE297B8-9310-44A1-BE98-A79D52647FD7}.AppStore|iPhoneSimulator.Deploy.0 = Release|Any CPU
		{8DE297B8-9310-44A1-BE98-A79D52647FD7}.AppStore|x64.ActiveCfg = Release|Any CPU
		{8DE297B8-9310-44A1-BE98-A79D52647FD7}.AppStore|x64.Build.0 = Release|Any CPU
		{8DE297B8-9310-44A1-BE98-A79D52647FD7}.AppStore|x64.Deploy.0 = Release|Any CPU
		{8DE297B8-9310-44A1-BE98-A79D52647FD7}.AppStore|x86.ActiveCfg = Release|x86
		{8DE297B8-9310-44A1-BE98-A79D52647FD7}.AppStore|x86.Build.0 = Release|x86
		{8DE297B8-9310-44A1-BE98-A79D52647FD7}.AppStore|x86.Deploy.0 = Release|x86
		{8DE297B8-9310-44A1-BE98-A79D52647FD7}.Debug|Any CPU.ActiveCfg = Debug|Any CPU
		{8DE297B8-9310-44A1-BE98-A79D52647FD7}.Debug|Any CPU.Build.0 = Debug|Any CPU
		{8DE297B8-9310-44A1-BE98-A79D52647FD7}.Debug|Any CPU.Deploy.0 = Debug|Any CPU
		{8DE297B8-9310-44A1-BE98-A79D52647FD7}.Debug|ARM.ActiveCfg = Debug|ARM
		{8DE297B8-9310-44A1-BE98-A79D52647FD7}.Debug|ARM.Build.0 = Debug|ARM
		{8DE297B8-9310-44A1-BE98-A79D52647FD7}.Debug|ARM.Deploy.0 = Debug|ARM
		{8DE297B8-9310-44A1-BE98-A79D52647FD7}.Debug|iPhone.ActiveCfg = Debug|Any CPU
		{8DE297B8-9310-44A1-BE98-A79D52647FD7}.Debug|iPhone.Build.0 = Debug|Any CPU
		{8DE297B8-9310-44A1-BE98-A79D52647FD7}.Debug|iPhone.Deploy.0 = Debug|Any CPU
		{8DE297B8-9310-44A1-BE98-A79D52647FD7}.Debug|iPhoneSimulator.ActiveCfg = Debug|Any CPU
		{8DE297B8-9310-44A1-BE98-A79D52647FD7}.Debug|iPhoneSimulator.Build.0 = Debug|Any CPU
		{8DE297B8-9310-44A1-BE98-A79D52647FD7}.Debug|iPhoneSimulator.Deploy.0 = Debug|Any CPU
		{8DE297B8-9310-44A1-BE98-A79D52647FD7}.Debug|x64.ActiveCfg = Debug|Any CPU
		{8DE297B8-9310-44A1-BE98-A79D52647FD7}.Debug|x64.Build.0 = Debug|Any CPU
		{8DE297B8-9310-44A1-BE98-A79D52647FD7}.Debug|x64.Deploy.0 = Debug|Any CPU
		{8DE297B8-9310-44A1-BE98-A79D52647FD7}.Debug|x86.ActiveCfg = Debug|x86
		{8DE297B8-9310-44A1-BE98-A79D52647FD7}.Debug|x86.Build.0 = Debug|x86
		{8DE297B8-9310-44A1-BE98-A79D52647FD7}.Debug|x86.Deploy.0 = Debug|x86
		{8DE297B8-9310-44A1-BE98-A79D52647FD7}.Release|Any CPU.ActiveCfg = Release|Any CPU
		{8DE297B8-9310-44A1-BE98-A79D52647FD7}.Release|Any CPU.Build.0 = Release|Any CPU
		{8DE297B8-9310-44A1-BE98-A79D52647FD7}.Release|Any CPU.Deploy.0 = Release|Any CPU
		{8DE297B8-9310-44A1-BE98-A79D52647FD7}.Release|ARM.ActiveCfg = Release|ARM
		{8DE297B8-9310-44A1-BE98-A79D52647FD7}.Release|ARM.Build.0 = Release|ARM
		{8DE297B8-9310-44A1-BE98-A79D52647FD7}.Release|ARM.Deploy.0 = Release|ARM
		{8DE297B8-9310-44A1-BE98-A79D52647FD7}.Release|iPhone.ActiveCfg = Release|Any CPU
		{8DE297B8-9310-44A1-BE98-A79D52647FD7}.Release|iPhone.Build.0 = Release|Any CPU
		{8DE297B8-9310-44A1-BE98-A79D52647FD7}.Release|iPhone.Deploy.0 = Release|Any CPU
		{8DE297B8-9310-44A1-BE98-A79D52647FD7}.Release|iPhoneSimulator.ActiveCfg = Release|Any CPU
		{8DE297B8-9310-44A1-BE98-A79D52647FD7}.Release|iPhoneSimulator.Build.0 = Release|Any CPU
		{8DE297B8-9310-44A1-BE98-A79D52647FD7}.Release|iPhoneSimulator.Deploy.0 = Release|Any CPU
		{8DE297B8-9310-44A1-BE98-A79D52647FD7}.Release|x64.ActiveCfg = Release|Any CPU
		{8DE297B8-9310-44A1-BE98-A79D52647FD7}.Release|x64.Build.0 = Release|Any CPU
		{8DE297B8-9310-44A1-BE98-A79D52647FD7}.Release|x64.Deploy.0 = Release|Any CPU
		{8DE297B8-9310-44A1-BE98-A79D52647FD7}.Release|x86.ActiveCfg = Release|x86
		{8DE297B8-9310-44A1-BE98-A79D52647FD7}.Release|x86.Build.0 = Release|x86
		{8DE297B8-9310-44A1-BE98-A79D52647FD7}.Release|x86.Deploy.0 = Release|x86
		{46B0C8AF-3112-4CBF-BC0D-567124ACC57D}.Ad-Hoc|Any CPU.ActiveCfg = Release|Any CPU
		{46B0C8AF-3112-4CBF-BC0D-567124ACC57D}.Ad-Hoc|Any CPU.Build.0 = Release|Any CPU
		{46B0C8AF-3112-4CBF-BC0D-567124ACC57D}.Ad-Hoc|ARM.ActiveCfg = Release|Any CPU
		{46B0C8AF-3112-4CBF-BC0D-567124ACC57D}.Ad-Hoc|ARM.Build.0 = Release|Any CPU
		{46B0C8AF-3112-4CBF-BC0D-567124ACC57D}.Ad-Hoc|iPhone.ActiveCfg = Release|Any CPU
		{46B0C8AF-3112-4CBF-BC0D-567124ACC57D}.Ad-Hoc|iPhone.Build.0 = Release|Any CPU
		{46B0C8AF-3112-4CBF-BC0D-567124ACC57D}.Ad-Hoc|iPhoneSimulator.ActiveCfg = Release|Any CPU
		{46B0C8AF-3112-4CBF-BC0D-567124ACC57D}.Ad-Hoc|iPhoneSimulator.Build.0 = Release|Any CPU
		{46B0C8AF-3112-4CBF-BC0D-567124ACC57D}.Ad-Hoc|x64.ActiveCfg = Release|Any CPU
		{46B0C8AF-3112-4CBF-BC0D-567124ACC57D}.Ad-Hoc|x64.Build.0 = Release|Any CPU
		{46B0C8AF-3112-4CBF-BC0D-567124ACC57D}.Ad-Hoc|x86.ActiveCfg = Release|Any CPU
		{46B0C8AF-3112-4CBF-BC0D-567124ACC57D}.Ad-Hoc|x86.Build.0 = Release|Any CPU
		{46B0C8AF-3112-4CBF-BC0D-567124ACC57D}.AppStore|Any CPU.ActiveCfg = Release|Any CPU
		{46B0C8AF-3112-4CBF-BC0D-567124ACC57D}.AppStore|Any CPU.Build.0 = Release|Any CPU
		{46B0C8AF-3112-4CBF-BC0D-567124ACC57D}.AppStore|ARM.ActiveCfg = Release|Any CPU
		{46B0C8AF-3112-4CBF-BC0D-567124ACC57D}.AppStore|ARM.Build.0 = Release|Any CPU
		{46B0C8AF-3112-4CBF-BC0D-567124ACC57D}.AppStore|iPhone.ActiveCfg = Release|Any CPU
		{46B0C8AF-3112-4CBF-BC0D-567124ACC57D}.AppStore|iPhone.Build.0 = Release|Any CPU
		{46B0C8AF-3112-4CBF-BC0D-567124ACC57D}.AppStore|iPhoneSimulator.ActiveCfg = Release|Any CPU
		{46B0C8AF-3112-4CBF-BC0D-567124ACC57D}.AppStore|iPhoneSimulator.Build.0 = Release|Any CPU
		{46B0C8AF-3112-4CBF-BC0D-567124ACC57D}.AppStore|x64.ActiveCfg = Release|Any CPU
		{46B0C8AF-3112-4CBF-BC0D-567124ACC57D}.AppStore|x64.Build.0 = Release|Any CPU
		{46B0C8AF-3112-4CBF-BC0D-567124ACC57D}.AppStore|x86.ActiveCfg = Release|Any CPU
		{46B0C8AF-3112-4CBF-BC0D-567124ACC57D}.AppStore|x86.Build.0 = Release|Any CPU
		{46B0C8AF-3112-4CBF-BC0D-567124ACC57D}.Debug|Any CPU.ActiveCfg = Debug|Any CPU
		{46B0C8AF-3112-4CBF-BC0D-567124ACC57D}.Debug|Any CPU.Build.0 = Debug|Any CPU
		{46B0C8AF-3112-4CBF-BC0D-567124ACC57D}.Debug|ARM.ActiveCfg = Debug|Any CPU
		{46B0C8AF-3112-4CBF-BC0D-567124ACC57D}.Debug|ARM.Build.0 = Debug|Any CPU
		{46B0C8AF-3112-4CBF-BC0D-567124ACC57D}.Debug|iPhone.ActiveCfg = Debug|Any CPU
		{46B0C8AF-3112-4CBF-BC0D-567124ACC57D}.Debug|iPhone.Build.0 = Debug|Any CPU
		{46B0C8AF-3112-4CBF-BC0D-567124ACC57D}.Debug|iPhoneSimulator.ActiveCfg = Debug|Any CPU
		{46B0C8AF-3112-4CBF-BC0D-567124ACC57D}.Debug|iPhoneSimulator.Build.0 = Debug|Any CPU
		{46B0C8AF-3112-4CBF-BC0D-567124ACC57D}.Debug|x64.ActiveCfg = Debug|Any CPU
		{46B0C8AF-3112-4CBF-BC0D-567124ACC57D}.Debug|x64.Build.0 = Debug|Any CPU
		{46B0C8AF-3112-4CBF-BC0D-567124ACC57D}.Debug|x86.ActiveCfg = Debug|Any CPU
		{46B0C8AF-3112-4CBF-BC0D-567124ACC57D}.Debug|x86.Build.0 = Debug|Any CPU
		{46B0C8AF-3112-4CBF-BC0D-567124ACC57D}.Release|Any CPU.ActiveCfg = Release|Any CPU
		{46B0C8AF-3112-4CBF-BC0D-567124ACC57D}.Release|Any CPU.Build.0 = Release|Any CPU
		{46B0C8AF-3112-4CBF-BC0D-567124ACC57D}.Release|ARM.ActiveCfg = Release|Any CPU
		{46B0C8AF-3112-4CBF-BC0D-567124ACC57D}.Release|ARM.Build.0 = Release|Any CPU
		{46B0C8AF-3112-4CBF-BC0D-567124ACC57D}.Release|iPhone.ActiveCfg = Release|Any CPU
		{46B0C8AF-3112-4CBF-BC0D-567124ACC57D}.Release|iPhone.Build.0 = Release|Any CPU
		{46B0C8AF-3112-4CBF-BC0D-567124ACC57D}.Release|iPhoneSimulator.ActiveCfg = Release|Any CPU
		{46B0C8AF-3112-4CBF-BC0D-567124ACC57D}.Release|iPhoneSimulator.Build.0 = Release|Any CPU
		{46B0C8AF-3112-4CBF-BC0D-567124ACC57D}.Release|x64.ActiveCfg = Release|Any CPU
		{46B0C8AF-3112-4CBF-BC0D-567124ACC57D}.Release|x64.Build.0 = Release|Any CPU
		{46B0C8AF-3112-4CBF-BC0D-567124ACC57D}.Release|x86.ActiveCfg = Release|Any CPU
		{46B0C8AF-3112-4CBF-BC0D-567124ACC57D}.Release|x86.Build.0 = Release|Any CPU
		{46B0C8AF-3112-4CBF-BC0D-567124ACC57D}.Jenkins_iOS|iPhone.ActiveCfg = Jenkins_iOS|iPhone
		{46B0C8AF-3112-4CBF-BC0D-567124ACC57D}.Jenkins_iOS|iPhone.Build.0 = Jenkins_iOS|iPhone
		{133247A4-AFCD-49D2-8A78-CC3F8EF49393}.Ad-Hoc|Any CPU.ActiveCfg = Release|Any CPU
		{133247A4-AFCD-49D2-8A78-CC3F8EF49393}.Ad-Hoc|Any CPU.Build.0 = Release|Any CPU
		{133247A4-AFCD-49D2-8A78-CC3F8EF49393}.Ad-Hoc|ARM.ActiveCfg = Release|Any CPU
		{133247A4-AFCD-49D2-8A78-CC3F8EF49393}.Ad-Hoc|ARM.Build.0 = Release|Any CPU
		{133247A4-AFCD-49D2-8A78-CC3F8EF49393}.Ad-Hoc|iPhone.ActiveCfg = Release|Any CPU
		{133247A4-AFCD-49D2-8A78-CC3F8EF49393}.Ad-Hoc|iPhoneSimulator.ActiveCfg = Release|Any CPU
		{133247A4-AFCD-49D2-8A78-CC3F8EF49393}.Ad-Hoc|x64.ActiveCfg = Release|Any CPU
		{133247A4-AFCD-49D2-8A78-CC3F8EF49393}.Ad-Hoc|x64.Build.0 = Release|Any CPU
		{133247A4-AFCD-49D2-8A78-CC3F8EF49393}.Ad-Hoc|x86.ActiveCfg = Release|Any CPU
		{133247A4-AFCD-49D2-8A78-CC3F8EF49393}.Ad-Hoc|x86.Build.0 = Release|Any CPU
		{133247A4-AFCD-49D2-8A78-CC3F8EF49393}.AppStore|Any CPU.ActiveCfg = Release|Any CPU
		{133247A4-AFCD-49D2-8A78-CC3F8EF49393}.AppStore|Any CPU.Build.0 = Release|Any CPU
		{133247A4-AFCD-49D2-8A78-CC3F8EF49393}.AppStore|ARM.ActiveCfg = Release|Any CPU
		{133247A4-AFCD-49D2-8A78-CC3F8EF49393}.AppStore|ARM.Build.0 = Release|Any CPU
		{133247A4-AFCD-49D2-8A78-CC3F8EF49393}.AppStore|iPhone.ActiveCfg = Release|Any CPU
		{133247A4-AFCD-49D2-8A78-CC3F8EF49393}.AppStore|iPhone.Build.0 = Release|Any CPU
		{133247A4-AFCD-49D2-8A78-CC3F8EF49393}.AppStore|iPhoneSimulator.ActiveCfg = Release|Any CPU
		{133247A4-AFCD-49D2-8A78-CC3F8EF49393}.AppStore|iPhoneSimulator.Build.0 = Release|Any CPU
		{133247A4-AFCD-49D2-8A78-CC3F8EF49393}.AppStore|x64.ActiveCfg = Release|Any CPU
		{133247A4-AFCD-49D2-8A78-CC3F8EF49393}.AppStore|x64.Build.0 = Release|Any CPU
		{133247A4-AFCD-49D2-8A78-CC3F8EF49393}.AppStore|x86.ActiveCfg = Release|Any CPU
		{133247A4-AFCD-49D2-8A78-CC3F8EF49393}.AppStore|x86.Build.0 = Release|Any CPU
		{133247A4-AFCD-49D2-8A78-CC3F8EF49393}.Debug|Any CPU.ActiveCfg = Debug|Any CPU
		{133247A4-AFCD-49D2-8A78-CC3F8EF49393}.Debug|Any CPU.Build.0 = Debug|Any CPU
		{133247A4-AFCD-49D2-8A78-CC3F8EF49393}.Debug|ARM.ActiveCfg = Debug|Any CPU
		{133247A4-AFCD-49D2-8A78-CC3F8EF49393}.Debug|ARM.Build.0 = Debug|Any CPU
		{133247A4-AFCD-49D2-8A78-CC3F8EF49393}.Debug|iPhone.ActiveCfg = Debug|Any CPU
		{133247A4-AFCD-49D2-8A78-CC3F8EF49393}.Debug|iPhone.Build.0 = Debug|Any CPU
		{133247A4-AFCD-49D2-8A78-CC3F8EF49393}.Debug|iPhoneSimulator.ActiveCfg = Debug|Any CPU
		{133247A4-AFCD-49D2-8A78-CC3F8EF49393}.Debug|iPhoneSimulator.Build.0 = Debug|Any CPU
		{133247A4-AFCD-49D2-8A78-CC3F8EF49393}.Debug|x64.ActiveCfg = Debug|Any CPU
		{133247A4-AFCD-49D2-8A78-CC3F8EF49393}.Debug|x64.Build.0 = Debug|Any CPU
		{133247A4-AFCD-49D2-8A78-CC3F8EF49393}.Debug|x86.ActiveCfg = Debug|Any CPU
		{133247A4-AFCD-49D2-8A78-CC3F8EF49393}.Debug|x86.Build.0 = Debug|Any CPU
		{133247A4-AFCD-49D2-8A78-CC3F8EF49393}.Release|Any CPU.ActiveCfg = Release|Any CPU
		{133247A4-AFCD-49D2-8A78-CC3F8EF49393}.Release|Any CPU.Build.0 = Release|Any CPU
		{133247A4-AFCD-49D2-8A78-CC3F8EF49393}.Release|ARM.ActiveCfg = Release|Any CPU
		{133247A4-AFCD-49D2-8A78-CC3F8EF49393}.Release|ARM.Build.0 = Release|Any CPU
		{133247A4-AFCD-49D2-8A78-CC3F8EF49393}.Release|iPhone.ActiveCfg = Release|Any CPU
		{133247A4-AFCD-49D2-8A78-CC3F8EF49393}.Release|iPhone.Build.0 = Release|Any CPU
		{133247A4-AFCD-49D2-8A78-CC3F8EF49393}.Release|iPhoneSimulator.ActiveCfg = Release|Any CPU
		{133247A4-AFCD-49D2-8A78-CC3F8EF49393}.Release|iPhoneSimulator.Build.0 = Release|Any CPU
		{133247A4-AFCD-49D2-8A78-CC3F8EF49393}.Release|x64.ActiveCfg = Release|Any CPU
		{133247A4-AFCD-49D2-8A78-CC3F8EF49393}.Release|x64.Build.0 = Release|Any CPU
		{133247A4-AFCD-49D2-8A78-CC3F8EF49393}.Release|x86.ActiveCfg = Release|Any CPU
		{133247A4-AFCD-49D2-8A78-CC3F8EF49393}.Release|x86.Build.0 = Release|Any CPU
		{133247A4-AFCD-49D2-8A78-CC3F8EF49393}.Jenkins_iOS|iPhone.ActiveCfg = Jenkins_iOS|iPhone
	EndGlobalSection
	GlobalSection(SolutionProperties) = preSolution
		HideSolutionNode = FALSE
	EndGlobalSection
	GlobalSection(NestedProjects) = preSolution
		{7EE1DF86-3709-411F-99DB-8499B56FBE2B} = {B151F9DD-845F-4C43-91F0-BF5D1C7DACE2}
		{1AF56128-0E34-40B9-A513-6B5390C7D6C9} = {B151F9DD-845F-4C43-91F0-BF5D1C7DACE2}
		{085731D2-2DF6-4BB1-84E2-485A07F25428} = {B151F9DD-845F-4C43-91F0-BF5D1C7DACE2}
		{34D0DBF2-7AD8-4AF8-BF98-39189123003D} = {B151F9DD-845F-4C43-91F0-BF5D1C7DACE2}
		{072DDD74-1D26-4CA3-9FFE-36299754009A} = {B151F9DD-845F-4C43-91F0-BF5D1C7DACE2}
		{F7DD654C-606D-4A48-B07F-84C44DC95940} = {B151F9DD-845F-4C43-91F0-BF5D1C7DACE2}
		{17B9C936-E398-43CE-998F-5A4BB5D41CC7} = {BA95ADE2-B1B4-4DFA-B6A0-675D21B6CBCF}
		{F19AF238-3811-446E-B7DB-C046676CFC80} = {BA95ADE2-B1B4-4DFA-B6A0-675D21B6CBCF}
		{8DE297B8-9310-44A1-BE98-A79D52647FD7} = {BA95ADE2-B1B4-4DFA-B6A0-675D21B6CBCF}
		{46B0C8AF-3112-4CBF-BC0D-567124ACC57D} = {3B69B1B9-17AA-44E6-A9A5-37A6C353509C}
		{133247A4-AFCD-49D2-8A78-CC3F8EF49393} = {CFD3B262-6041-4279-B47C-3B12F37386EE}
	EndGlobalSection
EndGlobal
